
Microsoft Visual Studio Solution File, Format Version 12.00
# Visual Studio 15
Project("{FAE04EC0-301F-11D3-BF4B-00C04F79EFBC}") = "Assembly-CSharp", "Assembly-CSharp.csproj", "{18562893-B8FB-6D5D-B0A0-BC32E9D6F98B}"
EndProject
Project("{FAE04EC0-301F-11D3-BF4B-00C04F79EFBC}") = "Unity.2DPlatformer.Tutorials", "Unity.2DPlatformer.Tutorials.csproj", "{5A6663B7-1220-EAFD-0211-83AC966DB4E5}"
EndProject
Project("{FAE04EC0-301F-11D3-BF4B-00C04F79EFBC}") = "Unity.Platformer.Tutorials", "Unity.Platformer.Tutorials.csproj", "{A3F67E63-2273-8951-A88B-2A7FE87AB58D}"
EndProject
Project("{FAE04EC0-301F-11D3-BF4B-00C04F79EFBC}") = "Assembly-CSharp-Editor", "Assembly-CSharp-Editor.csproj", "{692DC255-8CA5-7F93-D90C-22191AC6F5B6}"
EndProject
Global
	GlobalSection(SolutionConfigurationPlatforms) = preSolution
		Debug|Any CPU = Debug|Any CPU
		Release|Any CPU = Release|Any CPU
	EndGlobalSection
	GlobalSection(ProjectConfigurationPlatforms) = postSolution
		{18562893-B8FB-6D5D-B0A0-BC32E9D6F98B}.Debug|Any CPU.ActiveCfg = Debug|Any CPU
		{18562893-B8FB-6D5D-B0A0-BC32E9D6F98B}.Debug|Any CPU.Build.0 = Debug|Any CPU
		{18562893-B8FB-6D5D-B0A0-BC32E9D6F98B}.Release|Any CPU.ActiveCfg = Release|Any CPU
		{18562893-B8FB-6D5D-B0A0-BC32E9D6F98B}.Release|Any CPU.Build.0 = Release|Any CPU
		{5A6663B7-1220-EAFD-0211-83AC966DB4E5}.Debug|Any CPU.ActiveCfg = Debug|Any CPU
		{5A6663B7-1220-EAFD-0211-83AC966DB4E5}.Debug|Any CPU.Build.0 = Debug|Any CPU
		{5A6663B7-1220-EAFD-0211-83AC966DB4E5}.Release|Any CPU.ActiveCfg = Release|Any CPU
		{5A6663B7-1220-EAFD-0211-83AC966DB4E5}.Release|Any CPU.Build.0 = Release|Any CPU
		{A3F67E63-2273-8951-A88B-2A7FE87AB58D}.Debug|Any CPU.ActiveCfg = Debug|Any CPU
		{A3F67E63-2273-8951-A88B-2A7FE87AB58D}.Debug|Any CPU.Build.0 = Debug|Any CPU
		{A3F67E63-2273-8951-A88B-2A7FE87AB58D}.Release|Any CPU.ActiveCfg = Release|Any CPU
		{A3F67E63-2273-8951-A88B-2A7FE87AB58D}.Release|Any CPU.Build.0 = Release|Any CPU
		{692DC255-8CA5-7F93-D90C-22191AC6F5B6}.Debug|Any CPU.ActiveCfg = Debug|Any CPU
		{692DC255-8CA5-7F93-D90C-22191AC6F5B6}.Debug|Any CPU.Build.0 = Debug|Any CPU
		{692DC255-8CA5-7F93-D90C-22191AC6F5B6}.Release|Any CPU.ActiveCfg = Release|Any CPU
		{692DC255-8CA5-7F93-D90C-22191AC6F5B6}.Release|Any CPU.Build.0 = Release|Any CPU
	EndGlobalSection
	GlobalSection(SolutionProperties) = preSolution
		HideSolutionNode = FALSE
	EndGlobalSection
EndGlobal
