// !$*UTF8*$!
{
	archiveVersion = 1;
	classes = {
	};
	objectVersion = 52;
	objects = {

/* Begin PBXBuildFile section */
		7D072D1925BAE11F00717799 /* PlaygroundAppApp.swift in Sources */ = {isa = PBXBuildFile; fileRef = 7D072D1825BAE11F00717799 /* PlaygroundAppApp.swift */; };
		7D072D1B25BAE11F00717799 /* ContentView.swift in Sources */ = {isa = PBXBuildFile; fileRef = 7D072D1A25BAE11F00717799 /* ContentView.swift */; };
		7D072D1D25BAE12100717799 /* Assets.xcassets in Resources */ = {isa = PBXBuildFile; fileRef = 7D072D1C25BAE12100717799 /* Assets.xcassets */; };
		7D072D2025BAE12100717799 /* Preview Assets.xcassets in Resources */ = {isa = PBXBuildFile; fileRef = 7D072D1F25BAE12100717799 /* Preview Assets.xcassets */; };
		7D072D2B25BAE12100717799 /* PlaygroundAppTests.swift in Sources */ = {isa = PBXBuildFile; fileRef = 7D072D2A25BAE12100717799 /* PlaygroundAppTests.swift */; };
		7D072D3625BAE12100717799 /* PlaygroundAppUITests.swift in Sources */ = {isa = PBXBuildFile; fileRef = 7D072D3525BAE12100717799 /* PlaygroundAppUITests.swift */; };
		7D072D4825BAE18700717799 /* RealmSwift in Frameworks */ = {isa = PBXBuildFile; productRef = 7D072D4725BAE18700717799 /* RealmSwift */; };
		7D072D4D25BAE1BE00717799 /* Playground.swift in Sources */ = {isa = PBXBuildFile; fileRef = 7D072D4C25BAE1BE00717799 /* Playground.swift */; };
/* End PBXBuildFile section */

/* Begin PBXContainerItemProxy section */
		7D072D2725BAE12100717799 /* PBXContainerItemProxy */ = {
			isa = PBXContainerItemProxy;
			containerPortal = 7D072D0D25BAE11F00717799 /* Project object */;
			proxyType = 1;
			remoteGlobalIDString = 7D072D1425BAE11F00717799;
			remoteInfo = PlaygroundApp;
		};
		7D072D3225BAE12100717799 /* PBXContainerItemProxy */ = {
			isa = PBXContainerItemProxy;
			containerPortal = 7D072D0D25BAE11F00717799 /* Project object */;
			proxyType = 1;
			remoteGlobalIDString = 7D072D1425BAE11F00717799;
			remoteInfo = PlaygroundApp;
		};
/* End PBXContainerItemProxy section */

/* Begin PBXFileReference section */
		7D072D1525BAE11F00717799 /* PlaygroundApp.app */ = {isa = PBXFileReference; explicitFileType = wrapper.application; includeInIndex = 0; path = PlaygroundApp.app; sourceTree = BUILT_PRODUCTS_DIR; };
		7D072D1825BAE11F00717799 /* PlaygroundAppApp.swift */ = {isa = PBXFileReference; lastKnownFileType = sourcecode.swift; path = PlaygroundAppApp.swift; sourceTree = "<group>"; };
		7D072D1A25BAE11F00717799 /* ContentView.swift */ = {isa = PBXFileReference; lastKnownFileType = sourcecode.swift; path = ContentView.swift; sourceTree = "<group>"; };
		7D072D1C25BAE12100717799 /* Assets.xcassets */ = {isa = PBXFileReference; lastKnownFileType = folder.assetcatalog; path = Assets.xcassets; sourceTree = "<group>"; };
		7D072D1F25BAE12100717799 /* Preview Assets.xcassets */ = {isa = PBXFileReference; lastKnownFileType = folder.assetcatalog; path = "Preview Assets.xcassets"; sourceTree = "<group>"; };
		7D072D2125BAE12100717799 /* Info.plist */ = {isa = PBXFileReference; lastKnownFileType = text.plist.xml; path = Info.plist; sourceTree = "<group>"; };
		7D072D2625BAE12100717799 /* PlaygroundAppTests.xctest */ = {isa = PBXFileReference; explicitFileType = wrapper.cfbundle; includeInIndex = 0; path = PlaygroundAppTests.xctest; sourceTree = BUILT_PRODUCTS_DIR; };
		7D072D2A25BAE12100717799 /* PlaygroundAppTests.swift */ = {isa = PBXFileReference; lastKnownFileType = sourcecode.swift; path = PlaygroundAppTests.swift; sourceTree = "<group>"; };
		7D072D2C25BAE12100717799 /* Info.plist */ = {isa = PBXFileReference; lastKnownFileType = text.plist.xml; path = Info.plist; sourceTree = "<group>"; };
		7D072D3125BAE12100717799 /* PlaygroundAppUITests.xctest */ = {isa = PBXFileReference; explicitFileType = wrapper.cfbundle; includeInIndex = 0; path = PlaygroundAppUITests.xctest; sourceTree = BUILT_PRODUCTS_DIR; };
		7D072D3525BAE12100717799 /* PlaygroundAppUITests.swift */ = {isa = PBXFileReference; lastKnownFileType = sourcecode.swift; path = PlaygroundAppUITests.swift; sourceTree = "<group>"; };
		7D072D3725BAE12100717799 /* Info.plist */ = {isa = PBXFileReference; lastKnownFileType = text.plist.xml; path = Info.plist; sourceTree = "<group>"; };
		7D072D4C25BAE1BE00717799 /* Playground.swift */ = {isa = PBXFileReference; lastKnownFileType = sourcecode.swift; path = Playground.swift; sourceTree = "<group>"; };
/* End PBXFileReference section */

/* Begin PBXFrameworksBuildPhase section */
		7D072D1225BAE11F00717799 /* Frameworks */ = {
			isa = PBXFrameworksBuildPhase;
			buildActionMask = 2147483647;
			files = (
				7D072D4825BAE18700717799 /* RealmSwift in Frameworks */,
			);
			runOnlyForDeploymentPostprocessing = 0;
		};
		7D072D2325BAE12100717799 /* Frameworks */ = {
			isa = PBXFrameworksBuildPhase;
			buildActionMask = 2147483647;
			files = (
			);
			runOnlyForDeploymentPostprocessing = 0;
		};
		7D072D2E25BAE12100717799 /* Frameworks */ = {
			isa = PBXFrameworksBuildPhase;
			buildActionMask = 2147483647;
			files = (
			);
			runOnlyForDeploymentPostprocessing = 0;
		};
/* End PBXFrameworksBuildPhase section */

/* Begin PBXGroup section */
		7D072D0C25BAE11F00717799 = {
			isa = PBXGroup;
			children = (
				7D072D1725BAE11F00717799 /* PlaygroundApp */,
				7D072D2925BAE12100717799 /* PlaygroundAppTests */,
				7D072D3425BAE12100717799 /* PlaygroundAppUITests */,
				7D072D1625BAE11F00717799 /* Products */,
			);
			sourceTree = "<group>";
		};
		7D072D1625BAE11F00717799 /* Products */ = {
			isa = PBXGroup;
			children = (
				7D072D1525BAE11F00717799 /* PlaygroundApp.app */,
				7D072D2625BAE12100717799 /* PlaygroundAppTests.xctest */,
				7D072D3125BAE12100717799 /* PlaygroundAppUITests.xctest */,
			);
			name = Products;
			sourceTree = "<group>";
		};
		7D072D1725BAE11F00717799 /* PlaygroundApp */ = {
			isa = PBXGroup;
			children = (
				7D072D1825BAE11F00717799 /* PlaygroundAppApp.swift */,
				7D072D1A25BAE11F00717799 /* ContentView.swift */,
				7D072D4C25BAE1BE00717799 /* Playground.swift */,
				7D072D1C25BAE12100717799 /* Assets.xcassets */,
				7D072D2125BAE12100717799 /* Info.plist */,
				7D072D1E25BAE12100717799 /* Preview Content */,
			);
			path = PlaygroundApp;
			sourceTree = "<group>";
		};
		7D072D1E25BAE12100717799 /* Preview Content */ = {
			isa = PBXGroup;
			children = (
				7D072D1F25BAE12100717799 /* Preview Assets.xcassets */,
			);
			path = "Preview Content";
			sourceTree = "<group>";
		};
		7D072D2925BAE12100717799 /* PlaygroundAppTests */ = {
			isa = PBXGroup;
			children = (
				7D072D2A25BAE12100717799 /* PlaygroundAppTests.swift */,
				7D072D2C25BAE12100717799 /* Info.plist */,
			);
			path = PlaygroundAppTests;
			sourceTree = "<group>";
		};
		7D072D3425BAE12100717799 /* PlaygroundAppUITests */ = {
			isa = PBXGroup;
			children = (
				7D072D3525BAE12100717799 /* PlaygroundAppUITests.swift */,
				7D072D3725BAE12100717799 /* Info.plist */,
			);
			path = PlaygroundAppUITests;
			sourceTree = "<group>";
		};
/* End PBXGroup section */

/* Begin PBXNativeTarget section */
		7D072D1425BAE11F00717799 /* PlaygroundApp */ = {
			isa = PBXNativeTarget;
			buildConfigurationList = 7D072D3A25BAE12100717799 /* Build configuration list for PBXNativeTarget "PlaygroundApp" */;
			buildPhases = (
				7D072D1125BAE11F00717799 /* Sources */,
				7D072D1225BAE11F00717799 /* Frameworks */,
				7D072D1325BAE11F00717799 /* Resources */,
			);
			buildRules = (
			);
			dependencies = (
			);
			name = PlaygroundApp;
			packageProductDependencies = (
				7D072D4725BAE18700717799 /* RealmSwift */,
			);
			productName = PlaygroundApp;
			productReference = 7D072D1525BAE11F00717799 /* PlaygroundApp.app */;
			productType = "com.apple.product-type.application";
		};
		7D072D2525BAE12100717799 /* PlaygroundAppTests */ = {
			isa = PBXNativeTarget;
			buildConfigurationList = 7D072D3D25BAE12100717799 /* Build configuration list for PBXNativeTarget "PlaygroundAppTests" */;
			buildPhases = (
				7D072D2225BAE12100717799 /* Sources */,
				7D072D2325BAE12100717799 /* Frameworks */,
				7D072D2425BAE12100717799 /* Resources */,
			);
			buildRules = (
			);
			dependencies = (
				7D072D2825BAE12100717799 /* PBXTargetDependency */,
			);
			name = PlaygroundAppTests;
			productName = PlaygroundAppTests;
			productReference = 7D072D2625BAE12100717799 /* PlaygroundAppTests.xctest */;
			productType = "com.apple.product-type.bundle.unit-test";
		};
		7D072D3025BAE12100717799 /* PlaygroundAppUITests */ = {
			isa = PBXNativeTarget;
			buildConfigurationList = 7D072D4025BAE12100717799 /* Build configuration list for PBXNativeTarget "PlaygroundAppUITests" */;
			buildPhases = (
				7D072D2D25BAE12100717799 /* Sources */,
				7D072D2E25BAE12100717799 /* Frameworks */,
				7D072D2F25BAE12100717799 /* Resources */,
			);
			buildRules = (
			);
			dependencies = (
				7D072D3325BAE12100717799 /* PBXTargetDependency */,
			);
			name = PlaygroundAppUITests;
			productName = PlaygroundAppUITests;
			productReference = 7D072D3125BAE12100717799 /* PlaygroundAppUITests.xctest */;
			productType = "com.apple.product-type.bundle.ui-testing";
		};
/* End PBXNativeTarget section */

/* Begin PBXProject section */
		7D072D0D25BAE11F00717799 /* Project object */ = {
			isa = PBXProject;
			attributes = {
				LastSwiftUpdateCheck = 1230;
				LastUpgradeCheck = 1230;
				TargetAttributes = {
					7D072D1425BAE11F00717799 = {
						CreatedOnToolsVersion = 12.3;
					};
					7D072D2525BAE12100717799 = {
						CreatedOnToolsVersion = 12.3;
						TestTargetID = 7D072D1425BAE11F00717799;
					};
					7D072D3025BAE12100717799 = {
						CreatedOnToolsVersion = 12.3;
						TestTargetID = 7D072D1425BAE11F00717799;
					};
				};
			};
			buildConfigurationList = 7D072D1025BAE11F00717799 /* Build configuration list for PBXProject "PlaygroundApp" */;
			compatibilityVersion = "Xcode 9.3";
			developmentRegion = en;
			hasScannedForEncodings = 0;
			knownRegions = (
				en,
				Base,
			);
			mainGroup = 7D072D0C25BAE11F00717799;
			packageReferences = (
				7D072D4625BAE18700717799 /* XCRemoteSwiftPackageReference "realm-cocoa" */,
			);
			productRefGroup = 7D072D1625BAE11F00717799 /* Products */;
			projectDirPath = "";
			projectRoot = "";
			targets = (
				7D072D1425BAE11F00717799 /* PlaygroundApp */,
				7D072D2525BAE12100717799 /* PlaygroundAppTests */,
				7D072D3025BAE12100717799 /* PlaygroundAppUITests */,
			);
		};
/* End PBXProject section */

/* Begin PBXResourcesBuildPhase section */
		7D072D1325BAE11F00717799 /* Resources */ = {
			isa = PBXResourcesBuildPhase;
			buildActionMask = 2147483647;
			files = (
				7D072D2025BAE12100717799 /* Preview Assets.xcassets in Resources */,
				7D072D1D25BAE12100717799 /* Assets.xcassets in Resources */,
			);
			runOnlyForDeploymentPostprocessing = 0;
		};
		7D072D2425BAE12100717799 /* Resources */ = {
			isa = PBXResourcesBuildPhase;
			buildActionMask = 2147483647;
			files = (
			);
			runOnlyForDeploymentPostprocessing = 0;
		};
		7D072D2F25BAE12100717799 /* Resources */ = {
			isa = PBXResourcesBuildPhase;
			buildActionMask = 2147483647;
			files = (
			);
			runOnlyForDeploymentPostprocessing = 0;
		};
/* End PBXResourcesBuildPhase section */

/* Begin PBXSourcesBuildPhase section */
		7D072D1125BAE11F00717799 /* Sources */ = {
			isa = PBXSourcesBuildPhase;
			buildActionMask = 2147483647;
			files = (
				7D072D1B25BAE11F00717799 /* ContentView.swift in Sources */,
				7D072D1925BAE11F00717799 /* PlaygroundAppApp.swift in Sources */,
				7D072D4D25BAE1BE00717799 /* Playground.swift in Sources */,
			);
			runOnlyForDeploymentPostprocessing = 0;
		};
		7D072D2225BAE12100717799 /* Sources */ = {
			isa = PBXSourcesBuildPhase;
			buildActionMask = 2147483647;
			files = (
				7D072D2B25BAE12100717799 /* PlaygroundAppTests.swift in Sources */,
			);
			runOnlyForDeploymentPostprocessing = 0;
		};
		7D072D2D25BAE12100717799 /* Sources */ = {
			isa = PBXSourcesBuildPhase;
			buildActionMask = 2147483647;
			files = (
				7D072D3625BAE12100717799 /* PlaygroundAppUITests.swift in Sources */,
			);
			runOnlyForDeploymentPostprocessing = 0;
		};
/* End PBXSourcesBuildPhase section */

/* Begin PBXTargetDependency section */
		7D072D2825BAE12100717799 /* PBXTargetDependency */ = {
			isa = PBXTargetDependency;
			target = 7D072D1425BAE11F00717799 /* PlaygroundApp */;
			targetProxy = 7D072D2725BAE12100717799 /* PBXContainerItemProxy */;
		};
		7D072D3325BAE12100717799 /* PBXTargetDependency */ = {
			isa = PBXTargetDependency;
			target = 7D072D1425BAE11F00717799 /* PlaygroundApp */;
			targetProxy = 7D072D3225BAE12100717799 /* PBXContainerItemProxy */;
		};
/* End PBXTargetDependency section */

/* Begin XCBuildConfiguration section */
		7D072D3825BAE12100717799 /* Debug */ = {
			isa = XCBuildConfiguration;
			buildSettings = {
				ALWAYS_SEARCH_USER_PATHS = NO;
				CLANG_ANALYZER_NONNULL = YES;
				CLANG_ANALYZER_NUMBER_OBJECT_CONVERSION = YES_AGGRESSIVE;
				CLANG_CXX_LANGUAGE_STANDARD = "gnu++14";
				CLANG_CXX_LIBRARY = "libc++";
				CLANG_ENABLE_MODULES = YES;
				CLANG_ENABLE_OBJC_ARC = YES;
				CLANG_ENABLE_OBJC_WEAK = YES;
				CLANG_WARN_BLOCK_CAPTURE_AUTORELEASING = YES;
				CLANG_WARN_BOOL_CONVERSION = YES;
				CLANG_WARN_COMMA = YES;
				CLANG_WARN_CONSTANT_CONVERSION = YES;
				CLANG_WARN_DEPRECATED_OBJC_IMPLEMENTATIONS = YES;
				CLANG_WARN_DIRECT_OBJC_ISA_USAGE = YES_ERROR;
				CLANG_WARN_DOCUMENTATION_COMMENTS = YES;
				CLANG_WARN_EMPTY_BODY = YES;
				CLANG_WARN_ENUM_CONVERSION = YES;
				CLANG_WARN_INFINITE_RECURSION = YES;
				CLANG_WARN_INT_CONVERSION = YES;
				CLANG_WARN_NON_LITERAL_NULL_CONVERSION = YES;
				CLANG_WARN_OBJC_IMPLICIT_RETAIN_SELF = YES;
				CLANG_WARN_OBJC_LITERAL_CONVERSION = YES;
				CLANG_WARN_OBJC_ROOT_CLASS = YES_ERROR;
				CLANG_WARN_QUOTED_INCLUDE_IN_FRAMEWORK_HEADER = YES;
				CLANG_WARN_RANGE_LOOP_ANALYSIS = YES;
				CLANG_WARN_STRICT_PROTOTYPES = YES;
				CLANG_WARN_SUSPICIOUS_MOVE = YES;
				CLANG_WARN_UNGUARDED_AVAILABILITY = YES_AGGRESSIVE;
				CLANG_WARN_UNREACHABLE_CODE = YES;
				CLANG_WARN__DUPLICATE_METHOD_MATCH = YES;
				COPY_PHASE_STRIP = NO;
				DEBUG_INFORMATION_FORMAT = dwarf;
				ENABLE_STRICT_OBJC_MSGSEND = YES;
				ENABLE_TESTABILITY = YES;
				GCC_C_LANGUAGE_STANDARD = gnu11;
				GCC_DYNAMIC_NO_PIC = NO;
				GCC_NO_COMMON_BLOCKS = YES;
				GCC_OPTIMIZATION_LEVEL = 0;
				GCC_PREPROCESSOR_DEFINITIONS = (
					"DEBUG=1",
					"$(inherited)",
				);
				GCC_WARN_64_TO_32_BIT_CONVERSION = YES;
				GCC_WARN_ABOUT_RETURN_TYPE = YES_ERROR;
				GCC_WARN_UNDECLARED_SELECTOR = YES;
				GCC_WARN_UNINITIALIZED_AUTOS = YES_AGGRESSIVE;
				GCC_WARN_UNUSED_FUNCTION = YES;
				GCC_WARN_UNUSED_VARIABLE = YES;
				IPHONEOS_DEPLOYMENT_TARGET = 14.3;
				MTL_ENABLE_DEBUG_INFO = INCLUDE_SOURCE;
				MTL_FAST_MATH = YES;
				ONLY_ACTIVE_ARCH = YES;
				SDKROOT = iphoneos;
				SWIFT_ACTIVE_COMPILATION_CONDITIONS = DEBUG;
				SWIFT_OPTIMIZATION_LEVEL = "-Onone";
			};
			name = Debug;
		};
		7D072D3925BAE12100717799 /* Release */ = {
			isa = XCBuildConfiguration;
			buildSettings = {
				ALWAYS_SEARCH_USER_PATHS = NO;
				CLANG_ANALYZER_NONNULL = YES;
				CLANG_ANALYZER_NUMBER_OBJECT_CONVERSION = YES_AGGRESSIVE;
				CLANG_CXX_LANGUAGE_STANDARD = "gnu++14";
				CLANG_CXX_LIBRARY = "libc++";
				CLANG_ENABLE_MODULES = YES;
				CLANG_ENABLE_OBJC_ARC = YES;
				CLANG_ENABLE_OBJC_WEAK = YES;
				CLANG_WARN_BLOCK_CAPTURE_AUTORELEASING = YES;
				CLANG_WARN_BOOL_CONVERSION = YES;
				CLANG_WARN_COMMA = YES;
				CLANG_WARN_CONSTANT_CONVERSION = YES;
				CLANG_WARN_DEPRECATED_OBJC_IMPLEMENTATIONS = YES;
				CLANG_WARN_DIRECT_OBJC_ISA_USAGE = YES_ERROR;
				CLANG_WARN_DOCUMENTATION_COMMENTS = YES;
				CLANG_WARN_EMPTY_BODY = YES;
				CLANG_WARN_ENUM_CONVERSION = YES;
				CLANG_WARN_INFINITE_RECURSION = YES;
				CLANG_WARN_INT_CONVERSION = YES;
				CLANG_WARN_NON_LITERAL_NULL_CONVERSION = YES;
				CLANG_WARN_OBJC_IMPLICIT_RETAIN_SELF = YES;
				CLANG_WARN_OBJC_LITERAL_CONVERSION = YES;
				CLANG_WARN_OBJC_ROOT_CLASS = YES_ERROR;
				CLANG_WARN_QUOTED_INCLUDE_IN_FRAMEWORK_HEADER = YES;
				CLANG_WARN_RANGE_LOOP_ANALYSIS = YES;
				CLANG_WARN_STRICT_PROTOTYPES = YES;
				CLANG_WARN_SUSPICIOUS_MOVE = YES;
				CLANG_WARN_UNGUARDED_AVAILABILITY = YES_AGGRESSIVE;
				CLANG_WARN_UNREACHABLE_CODE = YES;
				CLANG_WARN__DUPLICATE_METHOD_MATCH = YES;
				COPY_PHASE_STRIP = NO;
				DEBUG_INFORMATION_FORMAT = "dwarf-with-dsym";
				ENABLE_NS_ASSERTIONS = NO;
				ENABLE_STRICT_OBJC_MSGSEND = YES;
				GCC_C_LANGUAGE_STANDARD = gnu11;
				GCC_NO_COMMON_BLOCKS = YES;
				GCC_WARN_64_TO_32_BIT_CONVERSION = YES;
				GCC_WARN_ABOUT_RETURN_TYPE = YES_ERROR;
				GCC_WARN_UNDECLARED_SELECTOR = YES;
				GCC_WARN_UNINITIALIZED_AUTOS = YES_AGGRESSIVE;
				GCC_WARN_UNUSED_FUNCTION = YES;
				GCC_WARN_UNUSED_VARIABLE = YES;
				IPHONEOS_DEPLOYMENT_TARGET = 14.3;
				MTL_ENABLE_DEBUG_INFO = NO;
				MTL_FAST_MATH = YES;
				SDKROOT = iphoneos;
				SWIFT_COMPILATION_MODE = wholemodule;
				SWIFT_OPTIMIZATION_LEVEL = "-O";
				VALIDATE_PRODUCT = YES;
			};
			name = Release;
		};
		7D072D3B25BAE12100717799 /* Debug */ = {
			isa = XCBuildConfiguration;
			buildSettings = {
				ASSETCATALOG_COMPILER_APPICON_NAME = AppIcon;
				ASSETCATALOG_COMPILER_GLOBAL_ACCENT_COLOR_NAME = AccentColor;
				CODE_SIGN_STYLE = Automatic;
				DEVELOPMENT_ASSET_PATHS = "\"PlaygroundApp/Preview Content\"";
				DEVELOPMENT_TEAM = K6T5Q8UQ8B;
				ENABLE_PREVIEWS = YES;
				INFOPLIST_FILE = PlaygroundApp/Info.plist;
				IPHONEOS_DEPLOYMENT_TARGET = 14.0;
				LD_RUNPATH_SEARCH_PATHS = (
					"$(inherited)",
					"@executable_path/Frameworks",
				);
				PRODUCT_BUNDLE_IDENTIFIER = io.realm.PlaygroundApp;
				PRODUCT_NAME = "$(TARGET_NAME)";
				SWIFT_VERSION = 5.0;
				TARGETED_DEVICE_FAMILY = "1,2";
			};
			name = Debug;
		};
		7D072D3C25BAE12100717799 /* Release */ = {
			isa = XCBuildConfiguration;
			buildSettings = {
				ASSETCATALOG_COMPILER_APPICON_NAME = AppIcon;
				ASSETCATALOG_COMPILER_GLOBAL_ACCENT_COLOR_NAME = AccentColor;
				CODE_SIGN_STYLE = Automatic;
				DEVELOPMENT_ASSET_PATHS = "\"PlaygroundApp/Preview Content\"";
				DEVELOPMENT_TEAM = K6T5Q8UQ8B;
				ENABLE_PREVIEWS = YES;
				INFOPLIST_FILE = PlaygroundApp/Info.plist;
				IPHONEOS_DEPLOYMENT_TARGET = 14.0;
				LD_RUNPATH_SEARCH_PATHS = (
					"$(inherited)",
					"@executable_path/Frameworks",
				);
				PRODUCT_BUNDLE_IDENTIFIER = io.realm.PlaygroundApp;
				PRODUCT_NAME = "$(TARGET_NAME)";
				SWIFT_VERSION = 5.0;
				TARGETED_DEVICE_FAMILY = "1,2";
			};
			name = Release;
		};
		7D072D3E25BAE12100717799 /* Debug */ = {
			isa = XCBuildConfiguration;
			buildSettings = {
				ALWAYS_EMBED_SWIFT_STANDARD_LIBRARIES = YES;
				BUNDLE_LOADER = "$(TEST_HOST)";
				CODE_SIGN_STYLE = Automatic;
				DEVELOPMENT_TEAM = K6T5Q8UQ8B;
				INFOPLIST_FILE = PlaygroundAppTests/Info.plist;
				IPHONEOS_DEPLOYMENT_TARGET = 14.0;
				LD_RUNPATH_SEARCH_PATHS = (
					"$(inherited)",
					"@executable_path/Frameworks",
					"@loader_path/Frameworks",
				);
				PRODUCT_BUNDLE_IDENTIFIER = io.realm.PlaygroundAppTests;
				PRODUCT_NAME = "$(TARGET_NAME)";
				SWIFT_VERSION = 5.0;
				TARGETED_DEVICE_FAMILY = "1,2";
				TEST_HOST = "$(BUILT_PRODUCTS_DIR)/PlaygroundApp.app/PlaygroundApp";
			};
			name = Debug;
		};
		7D072D3F25BAE12100717799 /* Release */ = {
			isa = XCBuildConfiguration;
			buildSettings = {
				ALWAYS_EMBED_SWIFT_STANDARD_LIBRARIES = YES;
				BUNDLE_LOADER = "$(TEST_HOST)";
				CODE_SIGN_STYLE = Automatic;
				DEVELOPMENT_TEAM = K6T5Q8UQ8B;
				INFOPLIST_FILE = PlaygroundAppTests/Info.plist;
				IPHONEOS_DEPLOYMENT_TARGET = 14.0;
				LD_RUNPATH_SEARCH_PATHS = (
					"$(inherited)",
					"@executable_path/Frameworks",
					"@loader_path/Frameworks",
				);
				PRODUCT_BUNDLE_IDENTIFIER = io.realm.PlaygroundAppTests;
				PRODUCT_NAME = "$(TARGET_NAME)";
				SWIFT_VERSION = 5.0;
				TARGETED_DEVICE_FAMILY = "1,2";
				TEST_HOST = "$(BUILT_PRODUCTS_DIR)/PlaygroundApp.app/PlaygroundApp";
			};
			name = Release;
		};
		7D072D4125BAE12100717799 /* Debug */ = {
			isa = XCBuildConfiguration;
			buildSettings = {
				ALWAYS_EMBED_SWIFT_STANDARD_LIBRARIES = YES;
				CODE_SIGN_STYLE = Automatic;
				DEVELOPMENT_TEAM = K6T5Q8UQ8B;
				INFOPLIST_FILE = PlaygroundAppUITests/Info.plist;
				LD_RUNPATH_SEARCH_PATHS = (
					"$(inherited)",
					"@executable_path/Frameworks",
					"@loader_path/Frameworks",
				);
				PRODUCT_BUNDLE_IDENTIFIER = io.realm.PlaygroundAppUITests;
				PRODUCT_NAME = "$(TARGET_NAME)";
				SWIFT_VERSION = 5.0;
				TARGETED_DEVICE_FAMILY = "1,2";
				TEST_TARGET_NAME = PlaygroundApp;
			};
			name = Debug;
		};
		7D072D4225BAE12100717799 /* Release */ = {
			isa = XCBuildConfiguration;
			buildSettings = {
				ALWAYS_EMBED_SWIFT_STANDARD_LIBRARIES = YES;
				CODE_SIGN_STYLE = Automatic;
				DEVELOPMENT_TEAM = K6T5Q8UQ8B;
				INFOPLIST_FILE = PlaygroundAppUITests/Info.plist;
				LD_RUNPATH_SEARCH_PATHS = (
					"$(inherited)",
					"@executable_path/Frameworks",
					"@loader_path/Frameworks",
				);
				PRODUCT_BUNDLE_IDENTIFIER = io.realm.PlaygroundAppUITests;
				PRODUCT_NAME = "$(TARGET_NAME)";
				SWIFT_VERSION = 5.0;
				TARGETED_DEVICE_FAMILY = "1,2";
				TEST_TARGET_NAME = PlaygroundApp;
			};
			name = Release;
		};
/* End XCBuildConfiguration section */

/* Begin XCConfigurationList section */
		7D072D1025BAE11F00717799 /* Build configuration list for PBXProject "PlaygroundApp" */ = {
			isa = XCConfigurationList;
			buildConfigurations = (
				7D072D3825BAE12100717799 /* Debug */,
				7D072D3925BAE12100717799 /* Release */,
			);
			defaultConfigurationIsVisible = 0;
			defaultConfigurationName = Release;
		};
		7D072D3A25BAE12100717799 /* Build configuration list for PBXNativeTarget "PlaygroundApp" */ = {
			isa = XCConfigurationList;
			buildConfigurations = (
				7D072D3B25BAE12100717799 /* Debug */,
				7D072D3C25BAE12100717799 /* Release */,
			);
			defaultConfigurationIsVisible = 0;
			defaultConfigurationName = Release;
		};
		7D072D3D25BAE12100717799 /* Build configuration list for PBXNativeTarget "PlaygroundAppTests" */ = {
			isa = XCConfigurationList;
			buildConfigurations = (
				7D072D3E25BAE12100717799 /* Debug */,
				7D072D3F25BAE12100717799 /* Release */,
			);
			defaultConfigurationIsVisible = 0;
			defaultConfigurationName = Release;
		};
		7D072D4025BAE12100717799 /* Build configuration list for PBXNativeTarget "PlaygroundAppUITests" */ = {
			isa = XCConfigurationList;
			buildConfigurations = (
				7D072D4125BAE12100717799 /* Debug */,
				7D072D4225BAE12100717799 /* Release */,
			);
			defaultConfigurationIsVisible = 0;
			defaultConfigurationName = Release;
		};
/* End XCConfigurationList section */

/* Begin XCRemoteSwiftPackageReference section */
		7D072D4625BAE18700717799 /* XCRemoteSwiftPackageReference "realm-cocoa" */ = {
			isa = XCRemoteSwiftPackageReference;
			repositoryURL = "https://github.com/realm/realm-cocoa";
			requirement = {
				kind = exactVersion;
				version = 10.5.0;
			};
		};
/* End XCRemoteSwiftPackageReference section */

/* Begin XCSwiftPackageProductDependency section */
		7D072D4725BAE18700717799 /* RealmSwift */ = {
			isa = XCSwiftPackageProductDependency;
			package = 7D072D4625BAE18700717799 /* XCRemoteSwiftPackageReference "realm-cocoa" */;
			productName = RealmSwift;
		};
/* End XCSwiftPackageProductDependency section */
	};
	rootObject = 7D072D0D25BAE11F00717799 /* Project object */;
}
